
Microsoft Visual Studio Solution File, Format Version 12.00
# Visual Studio Version 17
VisualStudioVersion = 17.7.34031.279
MinimumVisualStudioVersion = 10.0.40219.1
Project("{FAE04EC0-301F-11D3-BF4B-00C04F79EFBC}") = "ASCE_Value", "ASCE_Value.csproj", "{24191B5D-7557-4D0A-BD60-431B9426EAC7}"
EndProject
Project("{FAE04EC0-301F-11D3-BF4B-00C04F79EFBC}") = "Even_Odd", "..\Even_Odd\Even_Odd.csproj", "{32C14984-DF8D-432C-85D3-71A4979FAC4C}"
EndProject
Project("{FAE04EC0-301F-11D3-BF4B-00C04F79EFBC}") = "Loop", "..\Loop\Loop.csproj", "{79B665A8-7F6E-40F6-A071-C2FA04977286}"
EndProject
Global
	GlobalSection(SolutionConfigurationPlatforms) = preSolution
		Debug|Any CPU = Debug|Any CPU
		Release|Any CPU = Release|Any CPU
	EndGlobalSection
	GlobalSection(ProjectConfigurationPlatforms) = postSolution
		{24191B5D-7557-4D0A-BD60-431B9426EAC7}.Debug|Any CPU.ActiveCfg = Debug|Any CPU
		{24191B5D-7557-4D0A-BD60-431B9426EAC7}.Debug|Any CPU.Build.0 = Debug|Any CPU
		{24191B5D-7557-4D0A-BD60-431B9426EAC7}.Release|Any CPU.ActiveCfg = Release|Any CPU
		{24191B5D-7557-4D0A-BD60-431B9426EAC7}.Release|Any CPU.Build.0 = Release|Any CPU
		{32C14984-DF8D-432C-85D3-71A4979FAC4C}.Debug|Any CPU.ActiveCfg = Debug|Any CPU
		{32C14984-DF8D-432C-85D3-71A4979FAC4C}.Debug|Any CPU.Build.0 = Debug|Any CPU
		{32C14984-DF8D-432C-85D3-71A4979FAC4C}.Release|Any CPU.ActiveCfg = Release|Any CPU
		{32C14984-DF8D-432C-85D3-71A4979FAC4C}.Release|Any CPU.Build.0 = Release|Any CPU
		{79B665A8-7F6E-40F6-A071-C2FA04977286}.Debug|Any CPU.ActiveCfg = Debug|Any CPU
		{79B665A8-7F6E-40F6-A071-C2FA04977286}.Debug|Any CPU.Build.0 = Debug|Any CPU
		{79B665A8-7F6E-40F6-A071-C2FA04977286}.Release|Any CPU.ActiveCfg = Release|Any CPU
		{79B665A8-7F6E-40F6-A071-C2FA04977286}.Release|Any CPU.Build.0 = Release|Any CPU
	EndGlobalSection
	GlobalSection(SolutionProperties) = preSolution
		HideSolutionNode = FALSE
	EndGlobalSection
	GlobalSection(ExtensibilityGlobals) = postSolution
		SolutionGuid = {D993177C-5F04-4B6A-96BF-B38B453E8AEE}
	EndGlobalSection
EndGlobal
