
Microsoft Visual Studio Solution File, Format Version 12.00
# Visual Studio Version 17
VisualStudioVersion = 17.7.34031.279
MinimumVisualStudioVersion = 10.0.40219.1
Project("{FAE04EC0-301F-11D3-BF4B-00C04F79EFBC}") = "Loop", "Loop.csproj", "{10FE0E81-75BE-4443-9AAA-7527F36D66F7}"
EndProject
Global
	GlobalSection(SolutionConfigurationPlatforms) = preSolution
		Debug|Any CPU = Debug|Any CPU
		Release|Any CPU = Release|Any CPU
	EndGlobalSection
	GlobalSection(ProjectConfigurationPlatforms) = postSolution
		{10FE0E81-75BE-4443-9AAA-7527F36D66F7}.Debug|Any CPU.ActiveCfg = Debug|Any CPU
		{10FE0E81-75BE-4443-9AAA-7527F36D66F7}.Debug|Any CPU.Build.0 = Debug|Any CPU
		{10FE0E81-75BE-4443-9AAA-7527F36D66F7}.Release|Any CPU.ActiveCfg = Release|Any CPU
		{10FE0E81-75BE-4443-9AAA-7527F36D66F7}.Release|Any CPU.Build.0 = Release|Any CPU
	EndGlobalSection
	GlobalSection(SolutionProperties) = preSolution
		HideSolutionNode = FALSE
	EndGlobalSection
	GlobalSection(ExtensibilityGlobals) = postSolution
		SolutionGuid = {7A7728FD-B223-4284-B73F-E4E3FC103198}
	EndGlobalSection
EndGlobal
